// !$*UTF8*$!
{
	archiveVersion = 1;
	classes = {
	};
	objectVersion = 50;
	objects = {

/* Begin PBXBuildFile section */
		765A1F942703C1B300F9419D /* AppDelegate.swift in Sources */ = {isa = PBXBuildFile; fileRef = 765A1F932703C1B300F9419D /* AppDelegate.swift */; };
		765A1F962703C1B300F9419D /* SceneDelegate.swift in Sources */ = {isa = PBXBuildFile; fileRef = 765A1F952703C1B300F9419D /* SceneDelegate.swift */; };
		765A1F982703C1B300F9419D /* ViewController.swift in Sources */ = {isa = PBXBuildFile; fileRef = 765A1F972703C1B300F9419D /* ViewController.swift */; };
		765A1F9B2703C1B300F9419D /* Main.storyboard in Resources */ = {isa = PBXBuildFile; fileRef = 765A1F992703C1B300F9419D /* Main.storyboard */; };
		765A1F9D2703C1B700F9419D /* Assets.xcassets in Resources */ = {isa = PBXBuildFile; fileRef = 765A1F9C2703C1B700F9419D /* Assets.xcassets */; };
		765A1FA02703C1B700F9419D /* LaunchScreen.storyboard in Resources */ = {isa = PBXBuildFile; fileRef = 765A1F9E2703C1B700F9419D /* LaunchScreen.storyboard */; };
		765A1FAB2703C1B700F9419D /* Two_Button_ChallengeTests.swift in Sources */ = {isa = PBXBuildFile; fileRef = 765A1FAA2703C1B700F9419D /* Two_Button_ChallengeTests.swift */; };
		765A1FB62703C1B800F9419D /* Two_Button_ChallengeUITests.swift in Sources */ = {isa = PBXBuildFile; fileRef = 765A1FB52703C1B800F9419D /* Two_Button_ChallengeUITests.swift */; };
/* End PBXBuildFile section */

/* Begin PBXContainerItemProxy section */
		765A1FA72703C1B700F9419D /* PBXContainerItemProxy */ = {
			isa = PBXContainerItemProxy;
			containerPortal = 765A1F882703C1B300F9419D /* Project object */;
			proxyType = 1;
			remoteGlobalIDString = 765A1F8F2703C1B300F9419D;
			remoteInfo = "Two-Button Challenge";
		};
		765A1FB22703C1B800F9419D /* PBXContainerItemProxy */ = {
			isa = PBXContainerItemProxy;
			containerPortal = 765A1F882703C1B300F9419D /* Project object */;
			proxyType = 1;
			remoteGlobalIDString = 765A1F8F2703C1B300F9419D;
			remoteInfo = "Two-Button Challenge";
		};
/* End PBXContainerItemProxy section */

/* Begin PBXFileReference section */
		765A1F902703C1B300F9419D /* Two-Button Challenge.app */ = {isa = PBXFileReference; explicitFileType = wrapper.application; includeInIndex = 0; path = "Two-Button Challenge.app"; sourceTree = BUILT_PRODUCTS_DIR; };
		765A1F932703C1B300F9419D /* AppDelegate.swift */ = {isa = PBXFileReference; lastKnownFileType = sourcecode.swift; path = AppDelegate.swift; sourceTree = "<group>"; };
		765A1F952703C1B300F9419D /* SceneDelegate.swift */ = {isa = PBXFileReference; lastKnownFileType = sourcecode.swift; path = SceneDelegate.swift; sourceTree = "<group>"; };
		765A1F972703C1B300F9419D /* ViewController.swift */ = {isa = PBXFileReference; lastKnownFileType = sourcecode.swift; path = ViewController.swift; sourceTree = "<group>"; };
		765A1F9A2703C1B300F9419D /* Base */ = {isa = PBXFileReference; lastKnownFileType = file.storyboard; name = Base; path = Base.lproj/Main.storyboard; sourceTree = "<group>"; };
		765A1F9C2703C1B700F9419D /* Assets.xcassets */ = {isa = PBXFileReference; lastKnownFileType = folder.assetcatalog; path = Assets.xcassets; sourceTree = "<group>"; };
		765A1F9F2703C1B700F9419D /* Base */ = {isa = PBXFileReference; lastKnownFileType = file.storyboard; name = Base; path = Base.lproj/LaunchScreen.storyboard; sourceTree = "<group>"; };
		765A1FA12703C1B700F9419D /* Info.plist */ = {isa = PBXFileReference; lastKnownFileType = text.plist.xml; path = Info.plist; sourceTree = "<group>"; };
		765A1FA62703C1B700F9419D /* Two-Button ChallengeTests.xctest */ = {isa = PBXFileReference; explicitFileType = wrapper.cfbundle; includeInIndex = 0; path = "Two-Button ChallengeTests.xctest"; sourceTree = BUILT_PRODUCTS_DIR; };
		765A1FAA2703C1B700F9419D /* Two_Button_ChallengeTests.swift */ = {isa = PBXFileReference; lastKnownFileType = sourcecode.swift; path = Two_Button_ChallengeTests.swift; sourceTree = "<group>"; };
		765A1FAC2703C1B700F9419D /* Info.plist */ = {isa = PBXFileReference; lastKnownFileType = text.plist.xml; path = Info.plist; sourceTree = "<group>"; };
		765A1FB12703C1B700F9419D /* Two-Button ChallengeUITests.xctest */ = {isa = PBXFileReference; explicitFileType = wrapper.cfbundle; includeInIndex = 0; path = "Two-Button ChallengeUITests.xctest"; sourceTree = BUILT_PRODUCTS_DIR; };
		765A1FB52703C1B800F9419D /* Two_Button_ChallengeUITests.swift */ = {isa = PBXFileReference; lastKnownFileType = sourcecode.swift; path = Two_Button_ChallengeUITests.swift; sourceTree = "<group>"; };
		765A1FB72703C1B800F9419D /* Info.plist */ = {isa = PBXFileReference; lastKnownFileType = text.plist.xml; path = Info.plist; sourceTree = "<group>"; };
/* End PBXFileReference section */

/* Begin PBXFrameworksBuildPhase section */
		765A1F8D2703C1B300F9419D /* Frameworks */ = {
			isa = PBXFrameworksBuildPhase;
			buildActionMask = 2147483647;
			files = (
			);
			runOnlyForDeploymentPostprocessing = 0;
		};
		765A1FA32703C1B700F9419D /* Frameworks */ = {
			isa = PBXFrameworksBuildPhase;
			buildActionMask = 2147483647;
			files = (
			);
			runOnlyForDeploymentPostprocessing = 0;
		};
		765A1FAE2703C1B700F9419D /* Frameworks */ = {
			isa = PBXFrameworksBuildPhase;
			buildActionMask = 2147483647;
			files = (
			);
			runOnlyForDeploymentPostprocessing = 0;
		};
/* End PBXFrameworksBuildPhase section */

/* Begin PBXGroup section */
		765A1F872703C1B300F9419D = {
			isa = PBXGroup;
			children = (
				765A1F922703C1B300F9419D /* Two-Button Challenge */,
				765A1FA92703C1B700F9419D /* Two-Button ChallengeTests */,
				765A1FB42703C1B800F9419D /* Two-Button ChallengeUITests */,
				765A1F912703C1B300F9419D /* Products */,
			);
			sourceTree = "<group>";
		};
		765A1F912703C1B300F9419D /* Products */ = {
			isa = PBXGroup;
			children = (
				765A1F902703C1B300F9419D /* Two-Button Challenge.app */,
				765A1FA62703C1B700F9419D /* Two-Button ChallengeTests.xctest */,
				765A1FB12703C1B700F9419D /* Two-Button ChallengeUITests.xctest */,
			);
			name = Products;
			sourceTree = "<group>";
		};
		765A1F922703C1B300F9419D /* Two-Button Challenge */ = {
			isa = PBXGroup;
			children = (
				765A1F932703C1B300F9419D /* AppDelegate.swift */,
				765A1F952703C1B300F9419D /* SceneDelegate.swift */,
				765A1F972703C1B300F9419D /* ViewController.swift */,
				765A1F992703C1B300F9419D /* Main.storyboard */,
				765A1F9C2703C1B700F9419D /* Assets.xcassets */,
				765A1F9E2703C1B700F9419D /* LaunchScreen.storyboard */,
				765A1FA12703C1B700F9419D /* Info.plist */,
			);
			path = "Two-Button Challenge";
			sourceTree = "<group>";
		};
		765A1FA92703C1B700F9419D /* Two-Button ChallengeTests */ = {
			isa = PBXGroup;
			children = (
				765A1FAA2703C1B700F9419D /* Two_Button_ChallengeTests.swift */,
				765A1FAC2703C1B700F9419D /* Info.plist */,
			);
			path = "Two-Button ChallengeTests";
			sourceTree = "<group>";
		};
		765A1FB42703C1B800F9419D /* Two-Button ChallengeUITests */ = {
			isa = PBXGroup;
			children = (
				765A1FB52703C1B800F9419D /* Two_Button_ChallengeUITests.swift */,
				765A1FB72703C1B800F9419D /* Info.plist */,
			);
			path = "Two-Button ChallengeUITests";
			sourceTree = "<group>";
		};
/* End PBXGroup section */

/* Begin PBXNativeTarget section */
		765A1F8F2703C1B300F9419D /* Two-Button Challenge */ = {
			isa = PBXNativeTarget;
			buildConfigurationList = 765A1FBA2703C1B800F9419D /* Build configuration list for PBXNativeTarget "Two-Button Challenge" */;
			buildPhases = (
				765A1F8C2703C1B300F9419D /* Sources */,
				765A1F8D2703C1B300F9419D /* Frameworks */,
				765A1F8E2703C1B300F9419D /* Resources */,
			);
			buildRules = (
			);
			dependencies = (
			);
			name = "Two-Button Challenge";
			productName = "Two-Button Challenge";
			productReference = 765A1F902703C1B300F9419D /* Two-Button Challenge.app */;
			productType = "com.apple.product-type.application";
		};
		765A1FA52703C1B700F9419D /* Two-Button ChallengeTests */ = {
			isa = PBXNativeTarget;
			buildConfigurationList = 765A1FBD2703C1B800F9419D /* Build configuration list for PBXNativeTarget "Two-Button ChallengeTests" */;
			buildPhases = (
				765A1FA22703C1B700F9419D /* Sources */,
				765A1FA32703C1B700F9419D /* Frameworks */,
				765A1FA42703C1B700F9419D /* Resources */,
			);
			buildRules = (
			);
			dependencies = (
				765A1FA82703C1B700F9419D /* PBXTargetDependency */,
			);
			name = "Two-Button ChallengeTests";
			productName = "Two-Button ChallengeTests";
			productReference = 765A1FA62703C1B700F9419D /* Two-Button ChallengeTests.xctest */;
			productType = "com.apple.product-type.bundle.unit-test";
		};
		765A1FB02703C1B700F9419D /* Two-Button ChallengeUITests */ = {
			isa = PBXNativeTarget;
			buildConfigurationList = 765A1FC02703C1B800F9419D /* Build configuration list for PBXNativeTarget "Two-Button ChallengeUITests" */;
			buildPhases = (
				765A1FAD2703C1B700F9419D /* Sources */,
				765A1FAE2703C1B700F9419D /* Frameworks */,
				765A1FAF2703C1B700F9419D /* Resources */,
			);
			buildRules = (
			);
			dependencies = (
				765A1FB32703C1B800F9419D /* PBXTargetDependency */,
			);
			name = "Two-Button ChallengeUITests";
			productName = "Two-Button ChallengeUITests";
			productReference = 765A1FB12703C1B700F9419D /* Two-Button ChallengeUITests.xctest */;
			productType = "com.apple.product-type.bundle.ui-testing";
		};
/* End PBXNativeTarget section */

/* Begin PBXProject section */
		765A1F882703C1B300F9419D /* Project object */ = {
			isa = PBXProject;
			attributes = {
				LastSwiftUpdateCheck = 1250;
				LastUpgradeCheck = 1250;
				TargetAttributes = {
					765A1F8F2703C1B300F9419D = {
						CreatedOnToolsVersion = 12.5.1;
					};
					765A1FA52703C1B700F9419D = {
						CreatedOnToolsVersion = 12.5.1;
						TestTargetID = 765A1F8F2703C1B300F9419D;
					};
					765A1FB02703C1B700F9419D = {
						CreatedOnToolsVersion = 12.5.1;
						TestTargetID = 765A1F8F2703C1B300F9419D;
					};
				};
			};
			buildConfigurationList = 765A1F8B2703C1B300F9419D /* Build configuration list for PBXProject "Two-Button Challenge" */;
			compatibilityVersion = "Xcode 9.3";
			developmentRegion = en;
			hasScannedForEncodings = 0;
			knownRegions = (
				en,
				Base,
			);
			mainGroup = 765A1F872703C1B300F9419D;
			productRefGroup = 765A1F912703C1B300F9419D /* Products */;
			projectDirPath = "";
			projectRoot = "";
			targets = (
				765A1F8F2703C1B300F9419D /* Two-Button Challenge */,
				765A1FA52703C1B700F9419D /* Two-Button ChallengeTests */,
				765A1FB02703C1B700F9419D /* Two-Button ChallengeUITests */,
			);
		};
/* End PBXProject section */

/* Begin PBXResourcesBuildPhase section */
		765A1F8E2703C1B300F9419D /* Resources */ = {
			isa = PBXResourcesBuildPhase;
			buildActionMask = 2147483647;
			files = (
				765A1FA02703C1B700F9419D /* LaunchScreen.storyboard in Resources */,
				765A1F9D2703C1B700F9419D /* Assets.xcassets in Resources */,
				765A1F9B2703C1B300F9419D /* Main.storyboard in Resources */,
			);
			runOnlyForDeploymentPostprocessing = 0;
		};
		765A1FA42703C1B700F9419D /* Resources */ = {
			isa = PBXResourcesBuildPhase;
			buildActionMask = 2147483647;
			files = (
			);
			runOnlyForDeploymentPostprocessing = 0;
		};
		765A1FAF2703C1B700F9419D /* Resources */ = {
			isa = PBXResourcesBuildPhase;
			buildActionMask = 2147483647;
			files = (
			);
			runOnlyForDeploymentPostprocessing = 0;
		};
/* End PBXResourcesBuildPhase section */

/* Begin PBXSourcesBuildPhase section */
		765A1F8C2703C1B300F9419D /* Sources */ = {
			isa = PBXSourcesBuildPhase;
			buildActionMask = 2147483647;
			files = (
				765A1F982703C1B300F9419D /* ViewController.swift in Sources */,
				765A1F942703C1B300F9419D /* AppDelegate.swift in Sources */,
				765A1F962703C1B300F9419D /* SceneDelegate.swift in Sources */,
			);
			runOnlyForDeploymentPostprocessing = 0;
		};
		765A1FA22703C1B700F9419D /* Sources */ = {
			isa = PBXSourcesBuildPhase;
			buildActionMask = 2147483647;
			files = (
				765A1FAB2703C1B700F9419D /* Two_Button_ChallengeTests.swift in Sources */,
			);
			runOnlyForDeploymentPostprocessing = 0;
		};
		765A1FAD2703C1B700F9419D /* Sources */ = {
			isa = PBXSourcesBuildPhase;
			buildActionMask = 2147483647;
			files = (
				765A1FB62703C1B800F9419D /* Two_Button_ChallengeUITests.swift in Sources */,
			);
			runOnlyForDeploymentPostprocessing = 0;
		};
/* End PBXSourcesBuildPhase section */

/* Begin PBXTargetDependency section */
		765A1FA82703C1B700F9419D /* PBXTargetDependency */ = {
			isa = PBXTargetDependency;
			target = 765A1F8F2703C1B300F9419D /* Two-Button Challenge */;
			targetProxy = 765A1FA72703C1B700F9419D /* PBXContainerItemProxy */;
		};
		765A1FB32703C1B800F9419D /* PBXTargetDependency */ = {
			isa = PBXTargetDependency;
			target = 765A1F8F2703C1B300F9419D /* Two-Button Challenge */;
			targetProxy = 765A1FB22703C1B800F9419D /* PBXContainerItemProxy */;
		};
/* End PBXTargetDependency section */

/* Begin PBXVariantGroup section */
		765A1F992703C1B300F9419D /* Main.storyboard */ = {
			isa = PBXVariantGroup;
			children = (
				765A1F9A2703C1B300F9419D /* Base */,
			);
			name = Main.storyboard;
			sourceTree = "<group>";
		};
		765A1F9E2703C1B700F9419D /* LaunchScreen.storyboard */ = {
			isa = PBXVariantGroup;
			children = (
				765A1F9F2703C1B700F9419D /* Base */,
			);
			name = LaunchScreen.storyboard;
			sourceTree = "<group>";
		};
/* End PBXVariantGroup section */

/* Begin XCBuildConfiguration section */
		765A1FB82703C1B800F9419D /* Debug */ = {
			isa = XCBuildConfiguration;
			buildSettings = {
				ALWAYS_SEARCH_USER_PATHS = NO;
				CLANG_ANALYZER_NONNULL = YES;
				CLANG_ANALYZER_NUMBER_OBJECT_CONVERSION = YES_AGGRESSIVE;
				CLANG_CXX_LANGUAGE_STANDARD = "gnu++14";
				CLANG_CXX_LIBRARY = "libc++";
				CLANG_ENABLE_MODULES = YES;
				CLANG_ENABLE_OBJC_ARC = YES;
				CLANG_ENABLE_OBJC_WEAK = YES;
				CLANG_WARN_BLOCK_CAPTURE_AUTORELEASING = YES;
				CLANG_WARN_BOOL_CONVERSION = YES;
				CLANG_WARN_COMMA = YES;
				CLANG_WARN_CONSTANT_CONVERSION = YES;
				CLANG_WARN_DEPRECATED_OBJC_IMPLEMENTATIONS = YES;
				CLANG_WARN_DIRECT_OBJC_ISA_USAGE = YES_ERROR;
				CLANG_WARN_DOCUMENTATION_COMMENTS = YES;
				CLANG_WARN_EMPTY_BODY = YES;
				CLANG_WARN_ENUM_CONVERSION = YES;
				CLANG_WARN_INFINITE_RECURSION = YES;
				CLANG_WARN_INT_CONVERSION = YES;
				CLANG_WARN_NON_LITERAL_NULL_CONVERSION = YES;
				CLANG_WARN_OBJC_IMPLICIT_RETAIN_SELF = YES;
				CLANG_WARN_OBJC_LITERAL_CONVERSION = YES;
				CLANG_WARN_OBJC_ROOT_CLASS = YES_ERROR;
				CLANG_WARN_QUOTED_INCLUDE_IN_FRAMEWORK_HEADER = YES;
				CLANG_WARN_RANGE_LOOP_ANALYSIS = YES;
				CLANG_WARN_STRICT_PROTOTYPES = YES;
				CLANG_WARN_SUSPICIOUS_MOVE = YES;
				CLANG_WARN_UNGUARDED_AVAILABILITY = YES_AGGRESSIVE;
				CLANG_WARN_UNREACHABLE_CODE = YES;
				CLANG_WARN__DUPLICATE_METHOD_MATCH = YES;
				COPY_PHASE_STRIP = NO;
				DEBUG_INFORMATION_FORMAT = dwarf;
				ENABLE_STRICT_OBJC_MSGSEND = YES;
				ENABLE_TESTABILITY = YES;
				GCC_C_LANGUAGE_STANDARD = gnu11;
				GCC_DYNAMIC_NO_PIC = NO;
				GCC_NO_COMMON_BLOCKS = YES;
				GCC_OPTIMIZATION_LEVEL = 0;
				GCC_PREPROCESSOR_DEFINITIONS = (
					"DEBUG=1",
					"$(inherited)",
				);
				GCC_WARN_64_TO_32_BIT_CONVERSION = YES;
				GCC_WARN_ABOUT_RETURN_TYPE = YES_ERROR;
				GCC_WARN_UNDECLARED_SELECTOR = YES;
				GCC_WARN_UNINITIALIZED_AUTOS = YES_AGGRESSIVE;
				GCC_WARN_UNUSED_FUNCTION = YES;
				GCC_WARN_UNUSED_VARIABLE = YES;
				IPHONEOS_DEPLOYMENT_TARGET = 14.5;
				MTL_ENABLE_DEBUG_INFO = INCLUDE_SOURCE;
				MTL_FAST_MATH = YES;
				ONLY_ACTIVE_ARCH = YES;
				SDKROOT = iphoneos;
				SWIFT_ACTIVE_COMPILATION_CONDITIONS = DEBUG;
				SWIFT_OPTIMIZATION_LEVEL = "-Onone";
			};
			name = Debug;
		};
		765A1FB92703C1B800F9419D /* Release */ = {
			isa = XCBuildConfiguration;
			buildSettings = {
				ALWAYS_SEARCH_USER_PATHS = NO;
				CLANG_ANALYZER_NONNULL = YES;
				CLANG_ANALYZER_NUMBER_OBJECT_CONVERSION = YES_AGGRESSIVE;
				CLANG_CXX_LANGUAGE_STANDARD = "gnu++14";
				CLANG_CXX_LIBRARY = "libc++";
				CLANG_ENABLE_MODULES = YES;
				CLANG_ENABLE_OBJC_ARC = YES;
				CLANG_ENABLE_OBJC_WEAK = YES;
				CLANG_WARN_BLOCK_CAPTURE_AUTORELEASING = YES;
				CLANG_WARN_BOOL_CONVERSION = YES;
				CLANG_WARN_COMMA = YES;
				CLANG_WARN_CONSTANT_CONVERSION = YES;
				CLANG_WARN_DEPRECATED_OBJC_IMPLEMENTATIONS = YES;
				CLANG_WARN_DIRECT_OBJC_ISA_USAGE = YES_ERROR;
				CLANG_WARN_DOCUMENTATION_COMMENTS = YES;
				CLANG_WARN_EMPTY_BODY = YES;
				CLANG_WARN_ENUM_CONVERSION = YES;
				CLANG_WARN_INFINITE_RECURSION = YES;
				CLANG_WARN_INT_CONVERSION = YES;
				CLANG_WARN_NON_LITERAL_NULL_CONVERSION = YES;
				CLANG_WARN_OBJC_IMPLICIT_RETAIN_SELF = YES;
				CLANG_WARN_OBJC_LITERAL_CONVERSION = YES;
				CLANG_WARN_OBJC_ROOT_CLASS = YES_ERROR;
				CLANG_WARN_QUOTED_INCLUDE_IN_FRAMEWORK_HEADER = YES;
				CLANG_WARN_RANGE_LOOP_ANALYSIS = YES;
				CLANG_WARN_STRICT_PROTOTYPES = YES;
				CLANG_WARN_SUSPICIOUS_MOVE = YES;
				CLANG_WARN_UNGUARDED_AVAILABILITY = YES_AGGRESSIVE;
				CLANG_WARN_UNREACHABLE_CODE = YES;
				CLANG_WARN__DUPLICATE_METHOD_MATCH = YES;
				COPY_PHASE_STRIP = NO;
				DEBUG_INFORMATION_FORMAT = "dwarf-with-dsym";
				ENABLE_NS_ASSERTIONS = NO;
				ENABLE_STRICT_OBJC_MSGSEND = YES;
				GCC_C_LANGUAGE_STANDARD = gnu11;
				GCC_NO_COMMON_BLOCKS = YES;
				GCC_WARN_64_TO_32_BIT_CONVERSION = YES;
				GCC_WARN_ABOUT_RETURN_TYPE = YES_ERROR;
				GCC_WARN_UNDECLARED_SELECTOR = YES;
				GCC_WARN_UNINITIALIZED_AUTOS = YES_AGGRESSIVE;
				GCC_WARN_UNUSED_FUNCTION = YES;
				GCC_WARN_UNUSED_VARIABLE = YES;
				IPHONEOS_DEPLOYMENT_TARGET = 14.5;
				MTL_ENABLE_DEBUG_INFO = NO;
				MTL_FAST_MATH = YES;
				SDKROOT = iphoneos;
				SWIFT_COMPILATION_MODE = wholemodule;
				SWIFT_OPTIMIZATION_LEVEL = "-O";
				VALIDATE_PRODUCT = YES;
			};
			name = Release;
		};
		765A1FBB2703C1B800F9419D /* Debug */ = {
			isa = XCBuildConfiguration;
			buildSettings = {
				ASSETCATALOG_COMPILER_APPICON_NAME = AppIcon;
				ASSETCATALOG_COMPILER_GLOBAL_ACCENT_COLOR_NAME = AccentColor;
				CODE_SIGN_STYLE = Automatic;
				DEVELOPMENT_TEAM = RHCM27V22B;
				INFOPLIST_FILE = "Two-Button Challenge/Info.plist";
				LD_RUNPATH_SEARCH_PATHS = (
					"$(inherited)",
					"@executable_path/Frameworks",
				);
				PRODUCT_BUNDLE_IDENTIFIER = "com.gerdaperez.Two-Button-Challenge";
				PRODUCT_NAME = "$(TARGET_NAME)";
				SWIFT_VERSION = 5.0;
				TARGETED_DEVICE_FAMILY = "1,2";
			};
			name = Debug;
		};
		765A1FBC2703C1B800F9419D /* Release */ = {
			isa = XCBuildConfiguration;
			buildSettings = {
				ASSETCATALOG_COMPILER_APPICON_NAME = AppIcon;
				ASSETCATALOG_COMPILER_GLOBAL_ACCENT_COLOR_NAME = AccentColor;
				CODE_SIGN_STYLE = Automatic;
				DEVELOPMENT_TEAM = RHCM27V22B;
				INFOPLIST_FILE = "Two-Button Challenge/Info.plist";
				LD_RUNPATH_SEARCH_PATHS = (
					"$(inherited)",
					"@executable_path/Frameworks",
				);
				PRODUCT_BUNDLE_IDENTIFIER = "com.gerdaperez.Two-Button-Challenge";
				PRODUCT_NAME = "$(TARGET_NAME)";
				SWIFT_VERSION = 5.0;
				TARGETED_DEVICE_FAMILY = "1,2";
			};
			name = Release;
		};
		765A1FBE2703C1B800F9419D /* Debug */ = {
			isa = XCBuildConfiguration;
			buildSettings = {
				ALWAYS_EMBED_SWIFT_STANDARD_LIBRARIES = YES;
				BUNDLE_LOADER = "$(TEST_HOST)";
				CODE_SIGN_STYLE = Automatic;
				DEVELOPMENT_TEAM = RHCM27V22B;
				INFOPLIST_FILE = "Two-Button ChallengeTests/Info.plist";
				IPHONEOS_DEPLOYMENT_TARGET = 14.5;
				LD_RUNPATH_SEARCH_PATHS = (
					"$(inherited)",
					"@executable_path/Frameworks",
					"@loader_path/Frameworks",
				);
				PRODUCT_BUNDLE_IDENTIFIER = "com.gerdaperez.Two-Button-ChallengeTests";
				PRODUCT_NAME = "$(TARGET_NAME)";
				SWIFT_VERSION = 5.0;
				TARGETED_DEVICE_FAMILY = "1,2";
				TEST_HOST = "$(BUILT_PRODUCTS_DIR)/Two-Button Challenge.app/Two-Button Challenge";
			};
			name = Debug;
		};
		765A1FBF2703C1B800F9419D /* Release */ = {
			isa = XCBuildConfiguration;
			buildSettings = {
				ALWAYS_EMBED_SWIFT_STANDARD_LIBRARIES = YES;
				BUNDLE_LOADER = "$(TEST_HOST)";
				CODE_SIGN_STYLE = Automatic;
				DEVELOPMENT_TEAM = RHCM27V22B;
				INFOPLIST_FILE = "Two-Button ChallengeTests/Info.plist";
				IPHONEOS_DEPLOYMENT_TARGET = 14.5;
				LD_RUNPATH_SEARCH_PATHS = (
					"$(inherited)",
					"@executable_path/Frameworks",
					"@loader_path/Frameworks",
				);
				PRODUCT_BUNDLE_IDENTIFIER = "com.gerdaperez.Two-Button-ChallengeTests";
				PRODUCT_NAME = "$(TARGET_NAME)";
				SWIFT_VERSION = 5.0;
				TARGETED_DEVICE_FAMILY = "1,2";
				TEST_HOST = "$(BUILT_PRODUCTS_DIR)/Two-Button Challenge.app/Two-Button Challenge";
			};
			name = Release;
		};
		765A1FC12703C1B800F9419D /* Debug */ = {
			isa = XCBuildConfiguration;
			buildSettings = {
				ALWAYS_EMBED_SWIFT_STANDARD_LIBRARIES = YES;
				CODE_SIGN_STYLE = Automatic;
				DEVELOPMENT_TEAM = RHCM27V22B;
				INFOPLIST_FILE = "Two-Button ChallengeUITests/Info.plist";
				LD_RUNPATH_SEARCH_PATHS = (
					"$(inherited)",
					"@executable_path/Frameworks",
					"@loader_path/Frameworks",
				);
				PRODUCT_BUNDLE_IDENTIFIER = "com.gerdaperez.Two-Button-ChallengeUITests";
				PRODUCT_NAME = "$(TARGET_NAME)";
				SWIFT_VERSION = 5.0;
				TARGETED_DEVICE_FAMILY = "1,2";
				TEST_TARGET_NAME = "Two-Button Challenge";
			};
			name = Debug;
		};
		765A1FC22703C1B800F9419D /* Release */ = {
			isa = XCBuildConfiguration;
			buildSettings = {
				ALWAYS_EMBED_SWIFT_STANDARD_LIBRARIES = YES;
				CODE_SIGN_STYLE = Automatic;
				DEVELOPMENT_TEAM = RHCM27V22B;
				INFOPLIST_FILE = "Two-Button ChallengeUITests/Info.plist";
				LD_RUNPATH_SEARCH_PATHS = (
					"$(inherited)",
					"@executable_path/Frameworks",
					"@loader_path/Frameworks",
				);
				PRODUCT_BUNDLE_IDENTIFIER = "com.gerdaperez.Two-Button-ChallengeUITests";
				PRODUCT_NAME = "$(TARGET_NAME)";
				SWIFT_VERSION = 5.0;
				TARGETED_DEVICE_FAMILY = "1,2";
				TEST_TARGET_NAME = "Two-Button Challenge";
			};
			name = Release;
		};
/* End XCBuildConfiguration section */

/* Begin XCConfigurationList section */
		765A1F8B2703C1B300F9419D /* Build configuration list for PBXProject "Two-Button Challenge" */ = {
			isa = XCConfigurationList;
			buildConfigurations = (
				765A1FB82703C1B800F9419D /* Debug */,
				765A1FB92703C1B800F9419D /* Release */,
			);
			defaultConfigurationIsVisible = 0;
			defaultConfigurationName = Release;
		};
		765A1FBA2703C1B800F9419D /* Build configuration list for PBXNativeTarget "Two-Button Challenge" */ = {
			isa = XCConfigurationList;
			buildConfigurations = (
				765A1FBB2703C1B800F9419D /* Debug */,
				765A1FBC2703C1B800F9419D /* Release */,
			);
			defaultConfigurationIsVisible = 0;
			defaultConfigurationName = Release;
		};
		765A1FBD2703C1B800F9419D /* Build configuration list for PBXNativeTarget "Two-Button ChallengeTests" */ = {
			isa = XCConfigurationList;
			buildConfigurations = (
				765A1FBE2703C1B800F9419D /* Debug */,
				765A1FBF2703C1B800F9419D /* Release */,
			);
			defaultConfigurationIsVisible = 0;
			defaultConfigurationName = Release;
		};
		765A1FC02703C1B800F9419D /* Build configuration list for PBXNativeTarget "Two-Button ChallengeUITests" */ = {
			isa = XCConfigurationList;
			buildConfigurations = (
				765A1FC12703C1B800F9419D /* Debug */,
				765A1FC22703C1B800F9419D /* Release */,
			);
			defaultConfigurationIsVisible = 0;
			defaultConfigurationName = Release;
		};
/* End XCConfigurationList section */
	};
	rootObject = 765A1F882703C1B300F9419D /* Project object */;
}
